// !$*UTF8*$!
{
	archiveVersion = 1;
	classes = {
	};
	objectVersion = 46;
	objects = {

/* Begin PBXBuildFile section */
		1F1E59A71E68272D00774A8A /* CoreDataStore.swift in Sources */ = {isa = PBXBuildFile; fileRef = 1F1E59A61E68272D00774A8A /* CoreDataStore.swift */; };
		1F1E59A91E682A5F00774A8A /* CoreDataManager.swift in Sources */ = {isa = PBXBuildFile; fileRef = 1F1E59A81E682A5F00774A8A /* CoreDataManager.swift */; };
		1F1E59AC1E68314C00774A8A /* MyChallangeModal.swift in Sources */ = {isa = PBXBuildFile; fileRef = 1F1E59AB1E68314C00774A8A /* MyChallangeModal.swift */; };
		1F1E59AE1E68391D00774A8A /* MyChallengesVC.swift in Sources */ = {isa = PBXBuildFile; fileRef = 1F1E59AD1E68391D00774A8A /* MyChallengesVC.swift */; };
		1F1E59B01E68409800774A8A /* CheckInVC.swift in Sources */ = {isa = PBXBuildFile; fileRef = 1F1E59AF1E68409800774A8A /* CheckInVC.swift */; };
		1F1E59B21E68552800774A8A /* MyBadgesVC.swift in Sources */ = {isa = PBXBuildFile; fileRef = 1F1E59B11E68552800774A8A /* MyBadgesVC.swift */; };
		1F1E59B41E6887FC00774A8A /* GoogleMapVC.swift in Sources */ = {isa = PBXBuildFile; fileRef = 1F1E59B31E6887FC00774A8A /* GoogleMapVC.swift */; };
		1F2AE6121E673170000FB8CA /* Geometry.swift in Sources */ = {isa = PBXBuildFile; fileRef = 1F2AE60B1E673170000FB8CA /* Geometry.swift */; };
		1F2AE6131E673170000FB8CA /* GooglePlaceModal.swift in Sources */ = {isa = PBXBuildFile; fileRef = 1F2AE60C1E673170000FB8CA /* GooglePlaceModal.swift */; };
		1F2AE6141E673170000FB8CA /* Location.swift in Sources */ = {isa = PBXBuildFile; fileRef = 1F2AE60D1E673170000FB8CA /* Location.swift */; };
		1F2AE6151E673170000FB8CA /* OpeningHour.swift in Sources */ = {isa = PBXBuildFile; fileRef = 1F2AE60E1E673170000FB8CA /* OpeningHour.swift */; };
		1F2AE6161E673170000FB8CA /* Photo.swift in Sources */ = {isa = PBXBuildFile; fileRef = 1F2AE60F1E673170000FB8CA /* Photo.swift */; };
		1F2AE6171E673170000FB8CA /* Result.swift in Sources */ = {isa = PBXBuildFile; fileRef = 1F2AE6101E673170000FB8CA /* Result.swift */; };
		1F2AE6181E673170000FB8CA /* Viewport.swift in Sources */ = {isa = PBXBuildFile; fileRef = 1F2AE6111E673170000FB8CA /* Viewport.swift */; };
		1F2AE6241E674C07000FB8CA /* AppConstants.swift in Sources */ = {isa = PBXBuildFile; fileRef = 1F2AE61A1E674C07000FB8CA /* AppConstants.swift */; };
		1F2AE6251E674C07000FB8CA /* Extensions.swift in Sources */ = {isa = PBXBuildFile; fileRef = 1F2AE61B1E674C07000FB8CA /* Extensions.swift */; };
		1F2AE6261E674C07000FB8CA /* LocationManager.swift in Sources */ = {isa = PBXBuildFile; fileRef = 1F2AE61C1E674C07000FB8CA /* LocationManager.swift */; };
		1F2AE6271E674C07000FB8CA /* NavigationManager.swift in Sources */ = {isa = PBXBuildFile; fileRef = 1F2AE61D1E674C07000FB8CA /* NavigationManager.swift */; };
		1F2AE6281E674C07000FB8CA /* RequestManager.swift in Sources */ = {isa = PBXBuildFile; fileRef = 1F2AE61E1E674C07000FB8CA /* RequestManager.swift */; };
		1F2AE6291E674C07000FB8CA /* AddChallengeVC.swift in Sources */ = {isa = PBXBuildFile; fileRef = 1F2AE6201E674C07000FB8CA /* AddChallengeVC.swift */; };
		1F2AE62A1E674C07000FB8CA /* AppDelegate.swift in Sources */ = {isa = PBXBuildFile; fileRef = 1F2AE6211E674C07000FB8CA /* AppDelegate.swift */; };
		1F2AE62B1E674C07000FB8CA /* ExploreVC.swift in Sources */ = {isa = PBXBuildFile; fileRef = 1F2AE6221E674C07000FB8CA /* ExploreVC.swift */; };
		1F2AE62C1E674C07000FB8CA /* MapVC.swift in Sources */ = {isa = PBXBuildFile; fileRef = 1F2AE6231E674C07000FB8CA /* MapVC.swift */; };
		1F2AE62E1E674D0A000FB8CA /* CoreDataHelper.swift in Sources */ = {isa = PBXBuildFile; fileRef = 1F2AE62D1E674D0A000FB8CA /* CoreDataHelper.swift */; };
		1F56B18F1E67D90F0083C6F4 /* ExplorerCoreData.xcdatamodeld in Sources */ = {isa = PBXBuildFile; fileRef = 1F56B18D1E67D90F0083C6F4 /* ExplorerCoreData.xcdatamodeld */; };
		1F56B1921E67D9CB0083C6F4 /* MyChallenges+CoreDataClass.swift in Sources */ = {isa = PBXBuildFile; fileRef = 1F56B1901E67D9CB0083C6F4 /* MyChallenges+CoreDataClass.swift */; };
		1F56B1931E67D9CB0083C6F4 /* MyChallenges+CoreDataProperties.swift in Sources */ = {isa = PBXBuildFile; fileRef = 1F56B1911E67D9CB0083C6F4 /* MyChallenges+CoreDataProperties.swift */; };
		1F90F1BC1E7417F80095B991 /* USState.plist in Resources */ = {isa = PBXBuildFile; fileRef = 1F90F1BB1E7417F80095B991 /* USState.plist */; };
		1F90F1BE1E7418080095B991 /* Countries.plist in Resources */ = {isa = PBXBuildFile; fileRef = 1F90F1BD1E7418080095B991 /* Countries.plist */; };
		1FBC47261E65E33700A691BD /* Main.storyboard in Resources */ = {isa = PBXBuildFile; fileRef = 1FBC47241E65E33700A691BD /* Main.storyboard */; };
		1FBC472B1E65E33700A691BD /* Assets.xcassets in Resources */ = {isa = PBXBuildFile; fileRef = 1FBC472A1E65E33700A691BD /* Assets.xcassets */; };
		1FBC472E1E65E33700A691BD /* LaunchScreen.storyboard in Resources */ = {isa = PBXBuildFile; fileRef = 1FBC472C1E65E33700A691BD /* LaunchScreen.storyboard */; };
		4012F0788C78F18F09FF88E6 /* Pods_Explorer.framework in Frameworks */ = {isa = PBXBuildFile; fileRef = 15C1D8396C2D65A0382BBABF /* Pods_Explorer.framework */; };
		85F2ABB31E76C8080027F66A /* badge-rookie-sm.png in Resources */ = {isa = PBXBuildFile; fileRef = 85F2ABAE1E76C8080027F66A /* badge-rookie-sm.png */; };
		85F2ABB41E76C8080027F66A /* badge-rookie.png in Resources */ = {isa = PBXBuildFile; fileRef = 85F2ABAF1E76C8080027F66A /* badge-rookie.png */; };
		85F2ABB51E76C8080027F66A /* local_explorer.png in Resources */ = {isa = PBXBuildFile; fileRef = 85F2ABB01E76C8080027F66A /* local_explorer.png */; };
		85F2ABB61E76C8080027F66A /* state_explorer.jpg in Resources */ = {isa = PBXBuildFile; fileRef = 85F2ABB11E76C8080027F66A /* state_explorer.jpg */; };
		85F2ABB71E76C8080027F66A /* world_explorer.jpg in Resources */ = {isa = PBXBuildFile; fileRef = 85F2ABB21E76C8080027F66A /* world_explorer.jpg */; };
/* End PBXBuildFile section */

/* Begin PBXFileReference section */
		0137EE861B4DE8431BDBC182 /* Pods-Explorer.release.xcconfig */ = {isa = PBXFileReference; includeInIndex = 1; lastKnownFileType = text.xcconfig; name = "Pods-Explorer.release.xcconfig"; path = "Pods/Target Support Files/Pods-Explorer/Pods-Explorer.release.xcconfig"; sourceTree = "<group>"; };
		0E0A86283EC1FF6F4E3AA8F6 /* Pods-Explorer.debug.xcconfig */ = {isa = PBXFileReference; includeInIndex = 1; lastKnownFileType = text.xcconfig; name = "Pods-Explorer.debug.xcconfig"; path = "Pods/Target Support Files/Pods-Explorer/Pods-Explorer.debug.xcconfig"; sourceTree = "<group>"; };
		15C1D8396C2D65A0382BBABF /* Pods_Explorer.framework */ = {isa = PBXFileReference; explicitFileType = wrapper.framework; includeInIndex = 0; path = Pods_Explorer.framework; sourceTree = BUILT_PRODUCTS_DIR; };
		1F1E59A61E68272D00774A8A /* CoreDataStore.swift */ = {isa = PBXFileReference; fileEncoding = 4; lastKnownFileType = sourcecode.swift; path = CoreDataStore.swift; sourceTree = "<group>"; };
		1F1E59A81E682A5F00774A8A /* CoreDataManager.swift */ = {isa = PBXFileReference; fileEncoding = 4; lastKnownFileType = sourcecode.swift; path = CoreDataManager.swift; sourceTree = "<group>"; };
		1F1E59AB1E68314C00774A8A /* MyChallangeModal.swift */ = {isa = PBXFileReference; fileEncoding = 4; lastKnownFileType = sourcecode.swift; path = MyChallangeModal.swift; sourceTree = "<group>"; };
		1F1E59AD1E68391D00774A8A /* MyChallengesVC.swift */ = {isa = PBXFileReference; fileEncoding = 4; lastKnownFileType = sourcecode.swift; path = MyChallengesVC.swift; sourceTree = "<group>"; };
		1F1E59AF1E68409800774A8A /* CheckInVC.swift */ = {isa = PBXFileReference; fileEncoding = 4; lastKnownFileType = sourcecode.swift; path = CheckInVC.swift; sourceTree = "<group>"; };
		1F1E59B11E68552800774A8A /* MyBadgesVC.swift */ = {isa = PBXFileReference; fileEncoding = 4; lastKnownFileType = sourcecode.swift; path = MyBadgesVC.swift; sourceTree = "<group>"; };
		1F1E59B31E6887FC00774A8A /* GoogleMapVC.swift */ = {isa = PBXFileReference; fileEncoding = 4; lastKnownFileType = sourcecode.swift; path = GoogleMapVC.swift; sourceTree = "<group>"; };
		1F2AE60B1E673170000FB8CA /* Geometry.swift */ = {isa = PBXFileReference; fileEncoding = 4; lastKnownFileType = sourcecode.swift; path = Geometry.swift; sourceTree = "<group>"; };
		1F2AE60C1E673170000FB8CA /* GooglePlaceModal.swift */ = {isa = PBXFileReference; fileEncoding = 4; lastKnownFileType = sourcecode.swift; path = GooglePlaceModal.swift; sourceTree = "<group>"; };
		1F2AE60D1E673170000FB8CA /* Location.swift */ = {isa = PBXFileReference; fileEncoding = 4; lastKnownFileType = sourcecode.swift; path = Location.swift; sourceTree = "<group>"; };
		1F2AE60E1E673170000FB8CA /* OpeningHour.swift */ = {isa = PBXFileReference; fileEncoding = 4; lastKnownFileType = sourcecode.swift; path = OpeningHour.swift; sourceTree = "<group>"; };
		1F2AE60F1E673170000FB8CA /* Photo.swift */ = {isa = PBXFileReference; fileEncoding = 4; lastKnownFileType = sourcecode.swift; path = Photo.swift; sourceTree = "<group>"; };
		1F2AE6101E673170000FB8CA /* Result.swift */ = {isa = PBXFileReference; fileEncoding = 4; lastKnownFileType = sourcecode.swift; path = Result.swift; sourceTree = "<group>"; };
		1F2AE6111E673170000FB8CA /* Viewport.swift */ = {isa = PBXFileReference; fileEncoding = 4; lastKnownFileType = sourcecode.swift; path = Viewport.swift; sourceTree = "<group>"; };
		1F2AE61A1E674C07000FB8CA /* AppConstants.swift */ = {isa = PBXFileReference; fileEncoding = 4; lastKnownFileType = sourcecode.swift; path = AppConstants.swift; sourceTree = "<group>"; };
		1F2AE61B1E674C07000FB8CA /* Extensions.swift */ = {isa = PBXFileReference; fileEncoding = 4; lastKnownFileType = sourcecode.swift; path = Extensions.swift; sourceTree = "<group>"; };
		1F2AE61C1E674C07000FB8CA /* LocationManager.swift */ = {isa = PBXFileReference; fileEncoding = 4; lastKnownFileType = sourcecode.swift; path = LocationManager.swift; sourceTree = "<group>"; };
		1F2AE61D1E674C07000FB8CA /* NavigationManager.swift */ = {isa = PBXFileReference; fileEncoding = 4; lastKnownFileType = sourcecode.swift; path = NavigationManager.swift; sourceTree = "<group>"; };
		1F2AE61E1E674C07000FB8CA /* RequestManager.swift */ = {isa = PBXFileReference; fileEncoding = 4; lastKnownFileType = sourcecode.swift; path = RequestManager.swift; sourceTree = "<group>"; };
		1F2AE6201E674C07000FB8CA /* AddChallengeVC.swift */ = {isa = PBXFileReference; fileEncoding = 4; lastKnownFileType = sourcecode.swift; path = AddChallengeVC.swift; sourceTree = "<group>"; };
		1F2AE6211E674C07000FB8CA /* AppDelegate.swift */ = {isa = PBXFileReference; fileEncoding = 4; lastKnownFileType = sourcecode.swift; path = AppDelegate.swift; sourceTree = "<group>"; };
		1F2AE6221E674C07000FB8CA /* ExploreVC.swift */ = {isa = PBXFileReference; fileEncoding = 4; lastKnownFileType = sourcecode.swift; path = ExploreVC.swift; sourceTree = "<group>"; };
		1F2AE6231E674C07000FB8CA /* MapVC.swift */ = {isa = PBXFileReference; fileEncoding = 4; lastKnownFileType = sourcecode.swift; path = MapVC.swift; sourceTree = "<group>"; };
		1F2AE62D1E674D0A000FB8CA /* CoreDataHelper.swift */ = {isa = PBXFileReference; fileEncoding = 4; lastKnownFileType = sourcecode.swift; path = CoreDataHelper.swift; sourceTree = "<group>"; };
		1F56B18E1E67D90F0083C6F4 /* ExplorerCoreData.xcdatamodel */ = {isa = PBXFileReference; lastKnownFileType = wrapper.xcdatamodel; path = ExplorerCoreData.xcdatamodel; sourceTree = "<group>"; };
		1F56B1901E67D9CB0083C6F4 /* MyChallenges+CoreDataClass.swift */ = {isa = PBXFileReference; fileEncoding = 4; lastKnownFileType = sourcecode.swift; path = "MyChallenges+CoreDataClass.swift"; sourceTree = "<group>"; };
		1F56B1911E67D9CB0083C6F4 /* MyChallenges+CoreDataProperties.swift */ = {isa = PBXFileReference; fileEncoding = 4; lastKnownFileType = sourcecode.swift; path = "MyChallenges+CoreDataProperties.swift"; sourceTree = "<group>"; };
		1F90F1BB1E7417F80095B991 /* USState.plist */ = {isa = PBXFileReference; fileEncoding = 4; lastKnownFileType = text.plist.xml; path = USState.plist; sourceTree = "<group>"; };
		1F90F1BD1E7418080095B991 /* Countries.plist */ = {isa = PBXFileReference; fileEncoding = 4; lastKnownFileType = text.plist.xml; path = Countries.plist; sourceTree = "<group>"; };
		1FBC471D1E65E33700A691BD /* Explorer.app */ = {isa = PBXFileReference; explicitFileType = wrapper.application; includeInIndex = 0; path = Explorer.app; sourceTree = BUILT_PRODUCTS_DIR; };
		1FBC47251E65E33700A691BD /* Base */ = {isa = PBXFileReference; lastKnownFileType = file.storyboard; name = Base; path = Base.lproj/Main.storyboard; sourceTree = "<group>"; };
		1FBC472A1E65E33700A691BD /* Assets.xcassets */ = {isa = PBXFileReference; lastKnownFileType = folder.assetcatalog; path = Assets.xcassets; sourceTree = "<group>"; };
		1FBC472D1E65E33700A691BD /* Base */ = {isa = PBXFileReference; lastKnownFileType = file.storyboard; name = Base; path = Base.lproj/LaunchScreen.storyboard; sourceTree = "<group>"; };
		1FBC472F1E65E33800A691BD /* Info.plist */ = {isa = PBXFileReference; lastKnownFileType = text.plist.xml; path = Info.plist; sourceTree = "<group>"; };
		85F2ABAE1E76C8080027F66A /* badge-rookie-sm.png */ = {isa = PBXFileReference; lastKnownFileType = image.png; path = "badge-rookie-sm.png"; sourceTree = "<group>"; };
		85F2ABAF1E76C8080027F66A /* badge-rookie.png */ = {isa = PBXFileReference; lastKnownFileType = image.png; path = "badge-rookie.png"; sourceTree = "<group>"; };
		85F2ABB01E76C8080027F66A /* local_explorer.png */ = {isa = PBXFileReference; lastKnownFileType = image.png; path = local_explorer.png; sourceTree = "<group>"; };
		85F2ABB11E76C8080027F66A /* state_explorer.jpg */ = {isa = PBXFileReference; lastKnownFileType = image.jpeg; path = state_explorer.jpg; sourceTree = "<group>"; };
		85F2ABB21E76C8080027F66A /* world_explorer.jpg */ = {isa = PBXFileReference; lastKnownFileType = image.jpeg; path = world_explorer.jpg; sourceTree = "<group>"; };
/* End PBXFileReference section */

/* Begin PBXFrameworksBuildPhase section */
		1FBC471A1E65E33700A691BD /* Frameworks */ = {
			isa = PBXFrameworksBuildPhase;
			buildActionMask = 2147483647;
			files = (
				4012F0788C78F18F09FF88E6 /* Pods_Explorer.framework in Frameworks */,
			);
			runOnlyForDeploymentPostprocessing = 0;
		};
/* End PBXFrameworksBuildPhase section */

/* Begin PBXGroup section */
		1F1E59AA1E68313B00774A8A /* Entity */ = {
			isa = PBXGroup;
			children = (
				1F1E59AB1E68314C00774A8A /* MyChallangeModal.swift */,
			);
			path = Entity;
			sourceTree = "<group>";
		};
		1F2AE60A1E673170000FB8CA /* Google Parser */ = {
			isa = PBXGroup;
			children = (
				1F2AE60B1E673170000FB8CA /* Geometry.swift */,
				1F2AE60C1E673170000FB8CA /* GooglePlaceModal.swift */,
				1F2AE60D1E673170000FB8CA /* Location.swift */,
				1F2AE60E1E673170000FB8CA /* OpeningHour.swift */,
				1F2AE60F1E673170000FB8CA /* Photo.swift */,
				1F2AE6101E673170000FB8CA /* Result.swift */,
				1F2AE6111E673170000FB8CA /* Viewport.swift */,
			);
			path = "Google Parser";
			sourceTree = "<group>";
		};
		1F2AE6191E674C07000FB8CA /* AppDelegate */ = {
			isa = PBXGroup;
			children = (
				1F1E59A61E68272D00774A8A /* CoreDataStore.swift */,
				1F2AE61A1E674C07000FB8CA /* AppConstants.swift */,
				1F2AE61B1E674C07000FB8CA /* Extensions.swift */,
				1F2AE61C1E674C07000FB8CA /* LocationManager.swift */,
				1F2AE61D1E674C07000FB8CA /* NavigationManager.swift */,
				1F2AE61E1E674C07000FB8CA /* RequestManager.swift */,
				1F2AE62D1E674D0A000FB8CA /* CoreDataHelper.swift */,
				1F1E59A81E682A5F00774A8A /* CoreDataManager.swift */,
			);
			path = AppDelegate;
			sourceTree = "<group>";
		};
		1F2AE61F1E674C07000FB8CA /* Controller */ = {
			isa = PBXGroup;
			children = (
				1F1E59B31E6887FC00774A8A /* GoogleMapVC.swift */,
				1F2AE6201E674C07000FB8CA /* AddChallengeVC.swift */,
				1F2AE6211E674C07000FB8CA /* AppDelegate.swift */,
				1F2AE6221E674C07000FB8CA /* ExploreVC.swift */,
				1F2AE6231E674C07000FB8CA /* MapVC.swift */,
				1F1E59AD1E68391D00774A8A /* MyChallengesVC.swift */,
				1F1E59AF1E68409800774A8A /* CheckInVC.swift */,
				1F1E59B11E68552800774A8A /* MyBadgesVC.swift */,
			);
			path = Controller;
			sourceTree = "<group>";
		};
		1F2AE62F1E67501B000FB8CA /* CoreDataEntiry */ = {
			isa = PBXGroup;
			children = (
				1F56B1901E67D9CB0083C6F4 /* MyChallenges+CoreDataClass.swift */,
				1F56B1911E67D9CB0083C6F4 /* MyChallenges+CoreDataProperties.swift */,
			);
			path = CoreDataEntiry;
			sourceTree = "<group>";
		};
		1F90F1BA1E7417E10095B991 /* Resources */ = {
			isa = PBXGroup;
			children = (
				85F2ABAE1E76C8080027F66A /* badge-rookie-sm.png */,
				85F2ABAF1E76C8080027F66A /* badge-rookie.png */,
				85F2ABB01E76C8080027F66A /* local_explorer.png */,
				85F2ABB11E76C8080027F66A /* state_explorer.jpg */,
				85F2ABB21E76C8080027F66A /* world_explorer.jpg */,
				1F90F1BD1E7418080095B991 /* Countries.plist */,
				1F90F1BB1E7417F80095B991 /* USState.plist */,
			);
			path = Resources;
			sourceTree = "<group>";
		};
		1FBC47141E65E33700A691BD = {
			isa = PBXGroup;
			children = (
				1FBC471F1E65E33700A691BD /* Explorer */,
				1FBC471E1E65E33700A691BD /* Products */,
				2CF99F351AF10DA3436CEB1F /* Pods */,
				7E190A78E950257A5EC22B0C /* Frameworks */,
			);
			sourceTree = "<group>";
		};
		1FBC471E1E65E33700A691BD /* Products */ = {
			isa = PBXGroup;
			children = (
				1FBC471D1E65E33700A691BD /* Explorer.app */,
			);
			name = Products;
			sourceTree = "<group>";
		};
		1FBC471F1E65E33700A691BD /* Explorer */ = {
			isa = PBXGroup;
			children = (
				1F90F1BA1E7417E10095B991 /* Resources */,
				1F1E59AA1E68313B00774A8A /* Entity */,
				1F2AE62F1E67501B000FB8CA /* CoreDataEntiry */,
				1F2AE6191E674C07000FB8CA /* AppDelegate */,
				1F2AE61F1E674C07000FB8CA /* Controller */,
				1F2AE60A1E673170000FB8CA /* Google Parser */,
				1FBC47241E65E33700A691BD /* Main.storyboard */,
				1FBC472A1E65E33700A691BD /* Assets.xcassets */,
				1FBC472C1E65E33700A691BD /* LaunchScreen.storyboard */,
				1FBC472F1E65E33800A691BD /* Info.plist */,
				1F56B18D1E67D90F0083C6F4 /* ExplorerCoreData.xcdatamodeld */,
			);
			path = Explorer;
			sourceTree = "<group>";
		};
		2CF99F351AF10DA3436CEB1F /* Pods */ = {
			isa = PBXGroup;
			children = (
				0E0A86283EC1FF6F4E3AA8F6 /* Pods-Explorer.debug.xcconfig */,
				0137EE861B4DE8431BDBC182 /* Pods-Explorer.release.xcconfig */,
			);
			name = Pods;
			sourceTree = "<group>";
		};
		7E190A78E950257A5EC22B0C /* Frameworks */ = {
			isa = PBXGroup;
			children = (
				15C1D8396C2D65A0382BBABF /* Pods_Explorer.framework */,
			);
			name = Frameworks;
			sourceTree = "<group>";
		};
/* End PBXGroup section */

/* Begin PBXNativeTarget section */
		1FBC471C1E65E33700A691BD /* Explorer */ = {
			isa = PBXNativeTarget;
			buildConfigurationList = 1FBC47321E65E33800A691BD /* Build configuration list for PBXNativeTarget "Explorer" */;
			buildPhases = (
				697C7B22F9C42B9B912B07E1 /* [CP] Check Pods Manifest.lock */,
				1FBC47191E65E33700A691BD /* Sources */,
				1FBC471A1E65E33700A691BD /* Frameworks */,
				1FBC471B1E65E33700A691BD /* Resources */,
				BCFF0D3B67A589C4697E7638 /* [CP] Embed Pods Frameworks */,
				65F70BC705D31558E27D4D79 /* [CP] Copy Pods Resources */,
			);
			buildRules = (
			);
			dependencies = (
			);
			name = Explorer;
			productName = Explorer;
			productReference = 1FBC471D1E65E33700A691BD /* Explorer.app */;
			productType = "com.apple.product-type.application";
		};
/* End PBXNativeTarget section */

/* Begin PBXProject section */
		1FBC47151E65E33700A691BD /* Project object */ = {
			isa = PBXProject;
			attributes = {
				LastSwiftUpdateCheck = 0820;
				LastUpgradeCheck = 0820;
				ORGANIZATIONNAME = dharmesh;
				TargetAttributes = {
					1FBC471C1E65E33700A691BD = {
						CreatedOnToolsVersion = 8.2;
						DevelopmentTeam = 3CGUTDZTCA;
						ProvisioningStyle = Automatic;
					};
				};
			};
			buildConfigurationList = 1FBC47181E65E33700A691BD /* Build configuration list for PBXProject "Explorer" */;
			compatibilityVersion = "Xcode 3.2";
			developmentRegion = English;
			hasScannedForEncodings = 0;
			knownRegions = (
				en,
				Base,
			);
			mainGroup = 1FBC47141E65E33700A691BD;
			productRefGroup = 1FBC471E1E65E33700A691BD /* Products */;
			projectDirPath = "";
			projectRoot = "";
			targets = (
				1FBC471C1E65E33700A691BD /* Explorer */,
			);
		};
/* End PBXProject section */

/* Begin PBXResourcesBuildPhase section */
		1FBC471B1E65E33700A691BD /* Resources */ = {
			isa = PBXResourcesBuildPhase;
			buildActionMask = 2147483647;
			files = (
				85F2ABB51E76C8080027F66A /* local_explorer.png in Resources */,
				85F2ABB31E76C8080027F66A /* badge-rookie-sm.png in Resources */,
				1F90F1BC1E7417F80095B991 /* USState.plist in Resources */,
				85F2ABB71E76C8080027F66A /* world_explorer.jpg in Resources */,
				1FBC472E1E65E33700A691BD /* LaunchScreen.storyboard in Resources */,
				1FBC472B1E65E33700A691BD /* Assets.xcassets in Resources */,
				1F90F1BE1E7418080095B991 /* Countries.plist in Resources */,
				85F2ABB41E76C8080027F66A /* badge-rookie.png in Resources */,
				85F2ABB61E76C8080027F66A /* state_explorer.jpg in Resources */,
				1FBC47261E65E33700A691BD /* Main.storyboard in Resources */,
			);
			runOnlyForDeploymentPostprocessing = 0;
		};
/* End PBXResourcesBuildPhase section */

/* Begin PBXShellScriptBuildPhase section */
		65F70BC705D31558E27D4D79 /* [CP] Copy Pods Resources */ = {
			isa = PBXShellScriptBuildPhase;
			buildActionMask = 2147483647;
			files = (
			);
			inputPaths = (
			);
			name = "[CP] Copy Pods Resources";
			outputPaths = (
			);
			runOnlyForDeploymentPostprocessing = 0;
			shellPath = /bin/sh;
			shellScript = "\"${SRCROOT}/Pods/Target Support Files/Pods-Explorer/Pods-Explorer-resources.sh\"\n";
			showEnvVarsInLog = 0;
		};
		697C7B22F9C42B9B912B07E1 /* [CP] Check Pods Manifest.lock */ = {
			isa = PBXShellScriptBuildPhase;
			buildActionMask = 2147483647;
			files = (
			);
			inputPaths = (
			);
			name = "[CP] Check Pods Manifest.lock";
			outputPaths = (
			);
			runOnlyForDeploymentPostprocessing = 0;
			shellPath = /bin/sh;
			shellScript = "diff \"${PODS_ROOT}/../Podfile.lock\" \"${PODS_ROOT}/Manifest.lock\" > /dev/null\nif [ $? != 0 ] ; then\n    # print error to STDERR\n    echo \"error: The sandbox is not in sync with the Podfile.lock. Run 'pod install' or update your CocoaPods installation.\" >&2\n    exit 1\nfi\n";
			showEnvVarsInLog = 0;
		};
		BCFF0D3B67A589C4697E7638 /* [CP] Embed Pods Frameworks */ = {
			isa = PBXShellScriptBuildPhase;
			buildActionMask = 2147483647;
			files = (
			);
			inputPaths = (
			);
			name = "[CP] Embed Pods Frameworks";
			outputPaths = (
			);
			runOnlyForDeploymentPostprocessing = 0;
			shellPath = /bin/sh;
			shellScript = "\"${SRCROOT}/Pods/Target Support Files/Pods-Explorer/Pods-Explorer-frameworks.sh\"\n";
			showEnvVarsInLog = 0;
		};
/* End PBXShellScriptBuildPhase section */

/* Begin PBXSourcesBuildPhase section */
		1FBC47191E65E33700A691BD /* Sources */ = {
			isa = PBXSourcesBuildPhase;
			buildActionMask = 2147483647;
			files = (
				1F1E59A71E68272D00774A8A /* CoreDataStore.swift in Sources */,
				1F2AE6291E674C07000FB8CA /* AddChallengeVC.swift in Sources */,
				1F2AE6121E673170000FB8CA /* Geometry.swift in Sources */,
				1F2AE62B1E674C07000FB8CA /* ExploreVC.swift in Sources */,
				1F2AE6241E674C07000FB8CA /* AppConstants.swift in Sources */,
				1F2AE62A1E674C07000FB8CA /* AppDelegate.swift in Sources */,
				1F2AE6281E674C07000FB8CA /* RequestManager.swift in Sources */,
				1F2AE62E1E674D0A000FB8CA /* CoreDataHelper.swift in Sources */,
				1F56B1931E67D9CB0083C6F4 /* MyChallenges+CoreDataProperties.swift in Sources */,
				1F2AE6151E673170000FB8CA /* OpeningHour.swift in Sources */,
				1F1E59AC1E68314C00774A8A /* MyChallangeModal.swift in Sources */,
				1F1E59A91E682A5F00774A8A /* CoreDataManager.swift in Sources */,
				1F1E59AE1E68391D00774A8A /* MyChallengesVC.swift in Sources */,
				1F56B18F1E67D90F0083C6F4 /* ExplorerCoreData.xcdatamodeld in Sources */,
				1F2AE6261E674C07000FB8CA /* LocationManager.swift in Sources */,
				1F2AE6131E673170000FB8CA /* GooglePlaceModal.swift in Sources */,
				1F56B1921E67D9CB0083C6F4 /* MyChallenges+CoreDataClass.swift in Sources */,
				1F2AE6271E674C07000FB8CA /* NavigationManager.swift in Sources */,
				1F1E59B21E68552800774A8A /* MyBadgesVC.swift in Sources */,
				1F2AE62C1E674C07000FB8CA /* MapVC.swift in Sources */,
				1F2AE6171E673170000FB8CA /* Result.swift in Sources */,
				1F2AE6251E674C07000FB8CA /* Extensions.swift in Sources */,
				1F2AE6181E673170000FB8CA /* Viewport.swift in Sources */,
				1F1E59B41E6887FC00774A8A /* GoogleMapVC.swift in Sources */,
				1F2AE6141E673170000FB8CA /* Location.swift in Sources */,
				1F2AE6161E673170000FB8CA /* Photo.swift in Sources */,
				1F1E59B01E68409800774A8A /* CheckInVC.swift in Sources */,
			);
			runOnlyForDeploymentPostprocessing = 0;
		};
/* End PBXSourcesBuildPhase section */

/* Begin PBXVariantGroup section */
		1FBC47241E65E33700A691BD /* Main.storyboard */ = {
			isa = PBXVariantGroup;
			children = (
				1FBC47251E65E33700A691BD /* Base */,
			);
			name = Main.storyboard;
			sourceTree = "<group>";
		};
		1FBC472C1E65E33700A691BD /* LaunchScreen.storyboard */ = {
			isa = PBXVariantGroup;
			children = (
				1FBC472D1E65E33700A691BD /* Base */,
			);
			name = LaunchScreen.storyboard;
			sourceTree = "<group>";
		};
/* End PBXVariantGroup section */

/* Begin XCBuildConfiguration section */
		1FBC47301E65E33800A691BD /* Debug */ = {
			isa = XCBuildConfiguration;
			buildSettings = {
				ALWAYS_SEARCH_USER_PATHS = NO;
				CLANG_ANALYZER_NONNULL = YES;
				CLANG_CXX_LANGUAGE_STANDARD = "gnu++0x";
				CLANG_CXX_LIBRARY = "libc++";
				CLANG_ENABLE_MODULES = YES;
				CLANG_ENABLE_OBJC_ARC = YES;
				CLANG_WARN_BOOL_CONVERSION = YES;
				CLANG_WARN_CONSTANT_CONVERSION = YES;
				CLANG_WARN_DIRECT_OBJC_ISA_USAGE = YES_ERROR;
				CLANG_WARN_DOCUMENTATION_COMMENTS = YES;
				CLANG_WARN_EMPTY_BODY = YES;
				CLANG_WARN_ENUM_CONVERSION = YES;
				CLANG_WARN_INFINITE_RECURSION = YES;
				CLANG_WARN_INT_CONVERSION = YES;
				CLANG_WARN_OBJC_ROOT_CLASS = YES_ERROR;
				CLANG_WARN_SUSPICIOUS_MOVE = YES;
				CLANG_WARN_UNREACHABLE_CODE = YES;
				CLANG_WARN__DUPLICATE_METHOD_MATCH = YES;
				CODE_SIGN_IDENTITY = "iPhone Developer: Michael Morancie Jr (H7RVXSMP65)";
				"CODE_SIGN_IDENTITY[sdk=iphoneos*]" = "iPhone Developer: Michael Morancie Jr (H7RVXSMP65)";
				COPY_PHASE_STRIP = NO;
				DEBUG_INFORMATION_FORMAT = dwarf;
				DEVELOPMENT_TEAM = SG5755UGMP;
				ENABLE_STRICT_OBJC_MSGSEND = YES;
				ENABLE_TESTABILITY = YES;
				GCC_C_LANGUAGE_STANDARD = gnu99;
				GCC_DYNAMIC_NO_PIC = NO;
				GCC_NO_COMMON_BLOCKS = YES;
				GCC_OPTIMIZATION_LEVEL = 0;
				GCC_PREPROCESSOR_DEFINITIONS = (
					"DEBUG=1",
					"$(inherited)",
				);
				GCC_WARN_64_TO_32_BIT_CONVERSION = YES;
				GCC_WARN_ABOUT_RETURN_TYPE = YES_ERROR;
				GCC_WARN_UNDECLARED_SELECTOR = YES;
				GCC_WARN_UNINITIALIZED_AUTOS = YES_AGGRESSIVE;
				GCC_WARN_UNUSED_FUNCTION = YES;
				GCC_WARN_UNUSED_VARIABLE = YES;
				IPHONEOS_DEPLOYMENT_TARGET = 9.0;
				MTL_ENABLE_DEBUG_INFO = YES;
				ONLY_ACTIVE_ARCH = YES;
				PROVISIONING_PROFILE = "c577db6d-6842-48f8-936d-be5ead43e004";
				SDKROOT = iphoneos;
				SWIFT_ACTIVE_COMPILATION_CONDITIONS = DEBUG;
				SWIFT_OPTIMIZATION_LEVEL = "-Onone";
			};
			name = Debug;
		};
		1FBC47311E65E33800A691BD /* Release */ = {
			isa = XCBuildConfiguration;
			buildSettings = {
				ALWAYS_SEARCH_USER_PATHS = NO;
				CLANG_ANALYZER_NONNULL = YES;
				CLANG_CXX_LANGUAGE_STANDARD = "gnu++0x";
				CLANG_CXX_LIBRARY = "libc++";
				CLANG_ENABLE_MODULES = YES;
				CLANG_ENABLE_OBJC_ARC = YES;
				CLANG_WARN_BOOL_CONVERSION = YES;
				CLANG_WARN_CONSTANT_CONVERSION = YES;
				CLANG_WARN_DIRECT_OBJC_ISA_USAGE = YES_ERROR;
				CLANG_WARN_DOCUMENTATION_COMMENTS = YES;
				CLANG_WARN_EMPTY_BODY = YES;
				CLANG_WARN_ENUM_CONVERSION = YES;
				CLANG_WARN_INFINITE_RECURSION = YES;
				CLANG_WARN_INT_CONVERSION = YES;
				CLANG_WARN_OBJC_ROOT_CLASS = YES_ERROR;
				CLANG_WARN_SUSPICIOUS_MOVE = YES;
				CLANG_WARN_UNREACHABLE_CODE = YES;
				CLANG_WARN__DUPLICATE_METHOD_MATCH = YES;
				CODE_SIGN_IDENTITY = "iPhone Developer: Michael Morancie Jr (H7RVXSMP65)";
				"CODE_SIGN_IDENTITY[sdk=iphoneos*]" = "iPhone Developer: Michael Morancie Jr (H7RVXSMP65)";
				COPY_PHASE_STRIP = NO;
				DEBUG_INFORMATION_FORMAT = "dwarf-with-dsym";
				DEVELOPMENT_TEAM = SG5755UGMP;
				ENABLE_NS_ASSERTIONS = NO;
				ENABLE_STRICT_OBJC_MSGSEND = YES;
				GCC_C_LANGUAGE_STANDARD = gnu99;
				GCC_NO_COMMON_BLOCKS = YES;
				GCC_WARN_64_TO_32_BIT_CONVERSION = YES;
				GCC_WARN_ABOUT_RETURN_TYPE = YES_ERROR;
				GCC_WARN_UNDECLARED_SELECTOR = YES;
				GCC_WARN_UNINITIALIZED_AUTOS = YES_AGGRESSIVE;
				GCC_WARN_UNUSED_FUNCTION = YES;
				GCC_WARN_UNUSED_VARIABLE = YES;
				IPHONEOS_DEPLOYMENT_TARGET = 9.0;
				MTL_ENABLE_DEBUG_INFO = NO;
				PROVISIONING_PROFILE = "c577db6d-6842-48f8-936d-be5ead43e004";
				SDKROOT = iphoneos;
				SWIFT_OPTIMIZATION_LEVEL = "-Owholemodule";
				VALIDATE_PRODUCT = YES;
			};
			name = Release;
		};
		1FBC47331E65E33800A691BD /* Debug */ = {
			isa = XCBuildConfiguration;
			baseConfigurationReference = 0E0A86283EC1FF6F4E3AA8F6 /* Pods-Explorer.debug.xcconfig */;
			buildSettings = {
				ASSETCATALOG_COMPILER_APPICON_NAME = AppIcon;
				CODE_SIGN_IDENTITY = "iPhone Developer: Michael Morancie Jr (H7RVXSMP65)";
				"CODE_SIGN_IDENTITY[sdk=iphoneos*]" = "iPhone Developer";
				DEVELOPMENT_TEAM = 3CGUTDZTCA;
				INFOPLIST_FILE = Explorer/Info.plist;
				IPHONEOS_DEPLOYMENT_TARGET = 9.0;
				LD_RUNPATH_SEARCH_PATHS = "$(inherited) @executable_path/Frameworks";
				PRODUCT_BUNDLE_IDENTIFIER = com.codingDojo.hackathon;
				PRODUCT_NAME = "$(TARGET_NAME)";
				PROVISIONING_PROFILE = "";
				PROVISIONING_PROFILE_SPECIFIER = "";
				SWIFT_VERSION = 3.0;
			};
			name = Debug;
		};
		1FBC47341E65E33800A691BD /* Release */ = {
			isa = XCBuildConfiguration;
			baseConfigurationReference = 0137EE861B4DE8431BDBC182 /* Pods-Explorer.release.xcconfig */;
			buildSettings = {
				ASSETCATALOG_COMPILER_APPICON_NAME = AppIcon;
				CODE_SIGN_IDENTITY = "iPhone Developer: Michael Morancie Jr (H7RVXSMP65)";
				"CODE_SIGN_IDENTITY[sdk=iphoneos*]" = "iPhone Developer";
				DEVELOPMENT_TEAM = 3CGUTDZTCA;
				INFOPLIST_FILE = Explorer/Info.plist;
				IPHONEOS_DEPLOYMENT_TARGET = 9.0;
				LD_RUNPATH_SEARCH_PATHS = "$(inherited) @executable_path/Frameworks";
				PRODUCT_BUNDLE_IDENTIFIER = com.codingDojo.hackathon;
				PRODUCT_NAME = "$(TARGET_NAME)";
				PROVISIONING_PROFILE = "";
				PROVISIONING_PROFILE_SPECIFIER = "";
				SWIFT_VERSION = 3.0;
			};
			name = Release;
		};
/* End XCBuildConfiguration section */

/* Begin XCConfigurationList section */
		1FBC47181E65E33700A691BD /* Build configuration list for PBXProject "Explorer" */ = {
			isa = XCConfigurationList;
			buildConfigurations = (
				1FBC47301E65E33800A691BD /* Debug */,
				1FBC47311E65E33800A691BD /* Release */,
			);
			defaultConfigurationIsVisible = 0;
			defaultConfigurationName = Release;
		};
		1FBC47321E65E33800A691BD /* Build configuration list for PBXNativeTarget "Explorer" */ = {
			isa = XCConfigurationList;
			buildConfigurations = (
				1FBC47331E65E33800A691BD /* Debug */,
				1FBC47341E65E33800A691BD /* Release */,
			);
			defaultConfigurationIsVisible = 0;
			defaultConfigurationName = Release;
		};
/* End XCConfigurationList section */

/* Begin XCVersionGroup section */
		1F56B18D1E67D90F0083C6F4 /* ExplorerCoreData.xcdatamodeld */ = {
			isa = XCVersionGroup;
			children = (
				1F56B18E1E67D90F0083C6F4 /* ExplorerCoreData.xcdatamodel */,
			);
			currentVersion = 1F56B18E1E67D90F0083C6F4 /* ExplorerCoreData.xcdatamodel */;
			path = ExplorerCoreData.xcdatamodeld;
			sourceTree = "<group>";
			versionGroupType = wrapper.xcdatamodel;
		};
/* End XCVersionGroup section */
	};
	rootObject = 1FBC47151E65E33700A691BD /* Project object */;
}
